// !$*UTF8*$!
{
	archiveVersion = 1;
	classes = {
	};
	objectVersion = 46;
	objects = {

/* Begin PBXBuildFile section */
		1B5355003C11D0911E464E6E /* Pods_Jukapp.framework in Frameworks */ = {isa = PBXBuildFile; fileRef = BF34A4341ED510EABE7A728B /* Pods_Jukapp.framework */; settings = {ATTRIBUTES = (Weak, ); }; };
		802B197C1B72DFCE0050874E /* SlideMenuTableViewController.swift in Sources */ = {isa = PBXBuildFile; fileRef = 802B197B1B72DFCE0050874E /* SlideMenuTableViewController.swift */; };
		802B197E1B72FA2F0050874E /* FavoritesViewController.swift in Sources */ = {isa = PBXBuildFile; fileRef = 802B197D1B72FA2F0050874E /* FavoritesViewController.swift */; };
		802B19801B72FC770050874E /* SearchViewController.swift in Sources */ = {isa = PBXBuildFile; fileRef = 802B197F1B72FC770050874E /* SearchViewController.swift */; };
		802B19821B73059D0050874E /* RoomsViewController.swift in Sources */ = {isa = PBXBuildFile; fileRef = 802B19811B73059D0050874E /* RoomsViewController.swift */; };
		804EB7C01B5D9B6200F5C2C9 /* AppDelegate.swift in Sources */ = {isa = PBXBuildFile; fileRef = 804EB7BF1B5D9B6200F5C2C9 /* AppDelegate.swift */; };
		804EB7C21B5D9B6200F5C2C9 /* ViewController.swift in Sources */ = {isa = PBXBuildFile; fileRef = 804EB7C11B5D9B6200F5C2C9 /* ViewController.swift */; };
		804EB7C51B5D9B6200F5C2C9 /* Main.storyboard in Resources */ = {isa = PBXBuildFile; fileRef = 804EB7C31B5D9B6200F5C2C9 /* Main.storyboard */; };
		804EB7C71B5D9B6200F5C2C9 /* Images.xcassets in Resources */ = {isa = PBXBuildFile; fileRef = 804EB7C61B5D9B6200F5C2C9 /* Images.xcassets */; };
		804EB7CA1B5D9B6200F5C2C9 /* LaunchScreen.xib in Resources */ = {isa = PBXBuildFile; fileRef = 804EB7C81B5D9B6200F5C2C9 /* LaunchScreen.xib */; };
		804EB7D61B5D9B6200F5C2C9 /* JukappTests.swift in Sources */ = {isa = PBXBuildFile; fileRef = 804EB7D51B5D9B6200F5C2C9 /* JukappTests.swift */; };
		805C12B01B65DDBA00E0827A /* SWRevealViewController.m in Sources */ = {isa = PBXBuildFile; fileRef = 805C12AF1B65DDBA00E0827A /* SWRevealViewController.m */; };
		8071BEFB1B74334500735C8E /* Router.swift in Sources */ = {isa = PBXBuildFile; fileRef = 8071BEFA1B74334500735C8E /* Router.swift */; };
		80789D571B5DBB8F00AD9A9C /* JukappAPI.swift in Sources */ = {isa = PBXBuildFile; fileRef = 80789D561B5DBB8F00AD9A9C /* JukappAPI.swift */; };
		80789D5A1B5DC35200AD9A9C /* Video.swift in Sources */ = {isa = PBXBuildFile; fileRef = 80789D591B5DC35200AD9A9C /* Video.swift */; };
		80FB09491B60578200FAEC29 /* Room.swift in Sources */ = {isa = PBXBuildFile; fileRef = 80FB09481B60578200FAEC29 /* Room.swift */; };
/* End PBXBuildFile section */

/* Begin PBXContainerItemProxy section */
		804EB7D01B5D9B6200F5C2C9 /* PBXContainerItemProxy */ = {
			isa = PBXContainerItemProxy;
			containerPortal = 804EB7B21B5D9B6200F5C2C9 /* Project object */;
			proxyType = 1;
			remoteGlobalIDString = 804EB7B91B5D9B6200F5C2C9;
			remoteInfo = Jukapp;
		};
/* End PBXContainerItemProxy section */

/* Begin PBXFileReference section */
		802B197B1B72DFCE0050874E /* SlideMenuTableViewController.swift */ = {isa = PBXFileReference; fileEncoding = 4; lastKnownFileType = sourcecode.swift; path = SlideMenuTableViewController.swift; sourceTree = "<group>"; };
		802B197D1B72FA2F0050874E /* FavoritesViewController.swift */ = {isa = PBXFileReference; fileEncoding = 4; lastKnownFileType = sourcecode.swift; path = FavoritesViewController.swift; sourceTree = "<group>"; };
		802B197F1B72FC770050874E /* SearchViewController.swift */ = {isa = PBXFileReference; fileEncoding = 4; lastKnownFileType = sourcecode.swift; path = SearchViewController.swift; sourceTree = "<group>"; };
		802B19811B73059D0050874E /* RoomsViewController.swift */ = {isa = PBXFileReference; fileEncoding = 4; lastKnownFileType = sourcecode.swift; path = RoomsViewController.swift; sourceTree = "<group>"; };
		804EB7BA1B5D9B6200F5C2C9 /* Jukapp.app */ = {isa = PBXFileReference; explicitFileType = wrapper.application; includeInIndex = 0; path = Jukapp.app; sourceTree = BUILT_PRODUCTS_DIR; };
		804EB7BE1B5D9B6200F5C2C9 /* Info.plist */ = {isa = PBXFileReference; lastKnownFileType = text.plist.xml; path = Info.plist; sourceTree = "<group>"; };
		804EB7BF1B5D9B6200F5C2C9 /* AppDelegate.swift */ = {isa = PBXFileReference; lastKnownFileType = sourcecode.swift; path = AppDelegate.swift; sourceTree = "<group>"; };
		804EB7C11B5D9B6200F5C2C9 /* ViewController.swift */ = {isa = PBXFileReference; lastKnownFileType = sourcecode.swift; path = ViewController.swift; sourceTree = "<group>"; };
		804EB7C41B5D9B6200F5C2C9 /* Base */ = {isa = PBXFileReference; lastKnownFileType = file.storyboard; name = Base; path = Base.lproj/Main.storyboard; sourceTree = "<group>"; };
		804EB7C61B5D9B6200F5C2C9 /* Images.xcassets */ = {isa = PBXFileReference; lastKnownFileType = folder.assetcatalog; path = Images.xcassets; sourceTree = "<group>"; };
		804EB7C91B5D9B6200F5C2C9 /* Base */ = {isa = PBXFileReference; lastKnownFileType = file.xib; name = Base; path = Base.lproj/LaunchScreen.xib; sourceTree = "<group>"; };
		804EB7CF1B5D9B6200F5C2C9 /* JukappTests.xctest */ = {isa = PBXFileReference; explicitFileType = wrapper.cfbundle; includeInIndex = 0; path = JukappTests.xctest; sourceTree = BUILT_PRODUCTS_DIR; };
		804EB7D41B5D9B6200F5C2C9 /* Info.plist */ = {isa = PBXFileReference; lastKnownFileType = text.plist.xml; path = Info.plist; sourceTree = "<group>"; };
		804EB7D51B5D9B6200F5C2C9 /* JukappTests.swift */ = {isa = PBXFileReference; lastKnownFileType = sourcecode.swift; path = JukappTests.swift; sourceTree = "<group>"; };
		805C12AD1B65DDB900E0827A /* Jukapp-Bridging-Header.h */ = {isa = PBXFileReference; lastKnownFileType = sourcecode.c.h; path = "Jukapp-Bridging-Header.h"; sourceTree = "<group>"; };
		805C12AE1B65DDBA00E0827A /* SWRevealViewController.h */ = {isa = PBXFileReference; fileEncoding = 4; lastKnownFileType = sourcecode.c.h; path = SWRevealViewController.h; sourceTree = "<group>"; };
		805C12AF1B65DDBA00E0827A /* SWRevealViewController.m */ = {isa = PBXFileReference; fileEncoding = 4; lastKnownFileType = sourcecode.c.objc; path = SWRevealViewController.m; sourceTree = "<group>"; };
		8071BEFA1B74334500735C8E /* Router.swift */ = {isa = PBXFileReference; fileEncoding = 4; lastKnownFileType = sourcecode.swift; path = Router.swift; sourceTree = "<group>"; };
		80789D561B5DBB8F00AD9A9C /* JukappAPI.swift */ = {isa = PBXFileReference; fileEncoding = 4; lastKnownFileType = sourcecode.swift; path = JukappAPI.swift; sourceTree = "<group>"; };
		80789D591B5DC35200AD9A9C /* Video.swift */ = {isa = PBXFileReference; fileEncoding = 4; lastKnownFileType = sourcecode.swift; path = Video.swift; sourceTree = "<group>"; };
		80FB09481B60578200FAEC29 /* Room.swift */ = {isa = PBXFileReference; fileEncoding = 4; lastKnownFileType = sourcecode.swift; path = Room.swift; sourceTree = "<group>"; };
		8B24936F41D7F46D0BC67A13 /* Pods-Jukapp.release.xcconfig */ = {isa = PBXFileReference; includeInIndex = 1; lastKnownFileType = text.xcconfig; name = "Pods-Jukapp.release.xcconfig"; path = "Pods/Target Support Files/Pods-Jukapp/Pods-Jukapp.release.xcconfig"; sourceTree = "<group>"; };
		9CAE34EE98B96A93D6BD8F7A /* Pods-Jukapp.debug.xcconfig */ = {isa = PBXFileReference; includeInIndex = 1; lastKnownFileType = text.xcconfig; name = "Pods-Jukapp.debug.xcconfig"; path = "Pods/Target Support Files/Pods-Jukapp/Pods-Jukapp.debug.xcconfig"; sourceTree = "<group>"; };
		BF34A4341ED510EABE7A728B /* Pods_Jukapp.framework */ = {isa = PBXFileReference; explicitFileType = wrapper.framework; includeInIndex = 0; path = Pods_Jukapp.framework; sourceTree = BUILT_PRODUCTS_DIR; };
/* End PBXFileReference section */

/* Begin PBXFrameworksBuildPhase section */
		804EB7B71B5D9B6200F5C2C9 /* Frameworks */ = {
			isa = PBXFrameworksBuildPhase;
			buildActionMask = 2147483647;
			files = (
				1B5355003C11D0911E464E6E /* Pods_Jukapp.framework in Frameworks */,
			);
			runOnlyForDeploymentPostprocessing = 0;
		};
		804EB7CC1B5D9B6200F5C2C9 /* Frameworks */ = {
			isa = PBXFrameworksBuildPhase;
			buildActionMask = 2147483647;
			files = (
			);
			runOnlyForDeploymentPostprocessing = 0;
		};
/* End PBXFrameworksBuildPhase section */

/* Begin PBXGroup section */
		04026D1F135542D6C85DBDCC /* Frameworks */ = {
			isa = PBXGroup;
			children = (
				BF34A4341ED510EABE7A728B /* Pods_Jukapp.framework */,
			);
			name = Frameworks;
			sourceTree = "<group>";
		};
		78C76A6006911584205CB413 /* Pods */ = {
			isa = PBXGroup;
			children = (
				9CAE34EE98B96A93D6BD8F7A /* Pods-Jukapp.debug.xcconfig */,
				8B24936F41D7F46D0BC67A13 /* Pods-Jukapp.release.xcconfig */,
			);
			name = Pods;
			sourceTree = "<group>";
		};
		804EB7B11B5D9B6200F5C2C9 = {
			isa = PBXGroup;
			children = (
				804EB7BC1B5D9B6200F5C2C9 /* Jukapp */,
				804EB7D21B5D9B6200F5C2C9 /* JukappTests */,
				804EB7BB1B5D9B6200F5C2C9 /* Products */,
				78C76A6006911584205CB413 /* Pods */,
				04026D1F135542D6C85DBDCC /* Frameworks */,
			);
			sourceTree = "<group>";
		};
		804EB7BB1B5D9B6200F5C2C9 /* Products */ = {
			isa = PBXGroup;
			children = (
				804EB7BA1B5D9B6200F5C2C9 /* Jukapp.app */,
				804EB7CF1B5D9B6200F5C2C9 /* JukappTests.xctest */,
			);
			name = Products;
			sourceTree = "<group>";
		};
		804EB7BC1B5D9B6200F5C2C9 /* Jukapp */ = {
			isa = PBXGroup;
			children = (
				80789D581B5DBBA400AD9A9C /* JukappAPI */,
				804EB7BF1B5D9B6200F5C2C9 /* AppDelegate.swift */,
				804EB7C11B5D9B6200F5C2C9 /* ViewController.swift */,
				804EB7C31B5D9B6200F5C2C9 /* Main.storyboard */,
				802B19811B73059D0050874E /* RoomsViewController.swift */,
				802B197F1B72FC770050874E /* SearchViewController.swift */,
				802B197B1B72DFCE0050874E /* SlideMenuTableViewController.swift */,
				802B197D1B72FA2F0050874E /* FavoritesViewController.swift */,
				804EB7C61B5D9B6200F5C2C9 /* Images.xcassets */,
				804EB7C81B5D9B6200F5C2C9 /* LaunchScreen.xib */,
				804EB7BD1B5D9B6200F5C2C9 /* Supporting Files */,
			);
			path = Jukapp;
			sourceTree = "<group>";
		};
		804EB7BD1B5D9B6200F5C2C9 /* Supporting Files */ = {
			isa = PBXGroup;
			children = (
				805C12AE1B65DDBA00E0827A /* SWRevealViewController.h */,
				805C12AF1B65DDBA00E0827A /* SWRevealViewController.m */,
				804EB7BE1B5D9B6200F5C2C9 /* Info.plist */,
				805C12AD1B65DDB900E0827A /* Jukapp-Bridging-Header.h */,
			);
			name = "Supporting Files";
			sourceTree = "<group>";
		};
		804EB7D21B5D9B6200F5C2C9 /* JukappTests */ = {
			isa = PBXGroup;
			children = (
				804EB7D51B5D9B6200F5C2C9 /* JukappTests.swift */,
				804EB7D31B5D9B6200F5C2C9 /* Supporting Files */,
			);
			path = JukappTests;
			sourceTree = "<group>";
		};
		804EB7D31B5D9B6200F5C2C9 /* Supporting Files */ = {
			isa = PBXGroup;
			children = (
				804EB7D41B5D9B6200F5C2C9 /* Info.plist */,
			);
			name = "Supporting Files";
			sourceTree = "<group>";
		};
		80789D581B5DBBA400AD9A9C /* JukappAPI */ = {
			isa = PBXGroup;
			children = (
				8071BEFA1B74334500735C8E /* Router.swift */,
				80789D561B5DBB8F00AD9A9C /* JukappAPI.swift */,
				80789D591B5DC35200AD9A9C /* Video.swift */,
				80FB09481B60578200FAEC29 /* Room.swift */,
			);
			name = JukappAPI;
			sourceTree = "<group>";
		};
/* End PBXGroup section */

/* Begin PBXNativeTarget section */
		804EB7B91B5D9B6200F5C2C9 /* Jukapp */ = {
			isa = PBXNativeTarget;
			buildConfigurationList = 804EB7D91B5D9B6200F5C2C9 /* Build configuration list for PBXNativeTarget "Jukapp" */;
			buildPhases = (
				2B01FE061FECD9C03F6489D5 /* Check Pods Manifest.lock */,
				804EB7B61B5D9B6200F5C2C9 /* Sources */,
				804EB7B71B5D9B6200F5C2C9 /* Frameworks */,
				804EB7B81B5D9B6200F5C2C9 /* Resources */,
				DF0F79A2F328EA2C42248B93 /* Embed Pods Frameworks */,
				A1A9DB99AFE95CD6A3468411 /* Copy Pods Resources */,
			);
			buildRules = (
			);
			dependencies = (
			);
			name = Jukapp;
			productName = Jukapp;
			productReference = 804EB7BA1B5D9B6200F5C2C9 /* Jukapp.app */;
			productType = "com.apple.product-type.application";
		};
		804EB7CE1B5D9B6200F5C2C9 /* JukappTests */ = {
			isa = PBXNativeTarget;
			buildConfigurationList = 804EB7DC1B5D9B6200F5C2C9 /* Build configuration list for PBXNativeTarget "JukappTests" */;
			buildPhases = (
				804EB7CB1B5D9B6200F5C2C9 /* Sources */,
				804EB7CC1B5D9B6200F5C2C9 /* Frameworks */,
				804EB7CD1B5D9B6200F5C2C9 /* Resources */,
			);
			buildRules = (
			);
			dependencies = (
				804EB7D11B5D9B6200F5C2C9 /* PBXTargetDependency */,
			);
			name = JukappTests;
			productName = JukappTests;
			productReference = 804EB7CF1B5D9B6200F5C2C9 /* JukappTests.xctest */;
			productType = "com.apple.product-type.bundle.unit-test";
		};
/* End PBXNativeTarget section */

/* Begin PBXProject section */
		804EB7B21B5D9B6200F5C2C9 /* Project object */ = {
			isa = PBXProject;
			attributes = {
				LastUpgradeCheck = 0640;
				ORGANIZATIONNAME = "Berk Caputcu";
				TargetAttributes = {
					804EB7B91B5D9B6200F5C2C9 = {
						CreatedOnToolsVersion = 6.4;
					};
					804EB7CE1B5D9B6200F5C2C9 = {
						CreatedOnToolsVersion = 6.4;
						TestTargetID = 804EB7B91B5D9B6200F5C2C9;
					};
				};
			};
			buildConfigurationList = 804EB7B51B5D9B6200F5C2C9 /* Build configuration list for PBXProject "Jukapp" */;
			compatibilityVersion = "Xcode 3.2";
			developmentRegion = English;
			hasScannedForEncodings = 0;
			knownRegions = (
				en,
				Base,
			);
			mainGroup = 804EB7B11B5D9B6200F5C2C9;
			productRefGroup = 804EB7BB1B5D9B6200F5C2C9 /* Products */;
			projectDirPath = "";
			projectRoot = "";
			targets = (
				804EB7B91B5D9B6200F5C2C9 /* Jukapp */,
				804EB7CE1B5D9B6200F5C2C9 /* JukappTests */,
			);
		};
/* End PBXProject section */

/* Begin PBXResourcesBuildPhase section */
		804EB7B81B5D9B6200F5C2C9 /* Resources */ = {
			isa = PBXResourcesBuildPhase;
			buildActionMask = 2147483647;
			files = (
				804EB7C51B5D9B6200F5C2C9 /* Main.storyboard in Resources */,
				804EB7CA1B5D9B6200F5C2C9 /* LaunchScreen.xib in Resources */,
				804EB7C71B5D9B6200F5C2C9 /* Images.xcassets in Resources */,
			);
			runOnlyForDeploymentPostprocessing = 0;
		};
		804EB7CD1B5D9B6200F5C2C9 /* Resources */ = {
			isa = PBXResourcesBuildPhase;
			buildActionMask = 2147483647;
			files = (
			);
			runOnlyForDeploymentPostprocessing = 0;
		};
/* End PBXResourcesBuildPhase section */

/* Begin PBXShellScriptBuildPhase section */
		2B01FE061FECD9C03F6489D5 /* Check Pods Manifest.lock */ = {
			isa = PBXShellScriptBuildPhase;
			buildActionMask = 2147483647;
			files = (
			);
			inputPaths = (
			);
			name = "Check Pods Manifest.lock";
			outputPaths = (
			);
			runOnlyForDeploymentPostprocessing = 0;
			shellPath = /bin/sh;
			shellScript = "diff \"${PODS_ROOT}/../Podfile.lock\" \"${PODS_ROOT}/Manifest.lock\" > /dev/null\nif [[ $? != 0 ]] ; then\n    cat << EOM\nerror: The sandbox is not in sync with the Podfile.lock. Run 'pod install' or update your CocoaPods installation.\nEOM\n    exit 1\nfi\n";
			showEnvVarsInLog = 0;
		};
		A1A9DB99AFE95CD6A3468411 /* Copy Pods Resources */ = {
			isa = PBXShellScriptBuildPhase;
			buildActionMask = 2147483647;
			files = (
			);
			inputPaths = (
			);
			name = "Copy Pods Resources";
			outputPaths = (
			);
			runOnlyForDeploymentPostprocessing = 0;
			shellPath = /bin/sh;
			shellScript = "\"${SRCROOT}/Pods/Target Support Files/Pods-Jukapp/Pods-Jukapp-resources.sh\"\n";
			showEnvVarsInLog = 0;
		};
		DF0F79A2F328EA2C42248B93 /* Embed Pods Frameworks */ = {
			isa = PBXShellScriptBuildPhase;
			buildActionMask = 2147483647;
			files = (
			);
			inputPaths = (
			);
			name = "Embed Pods Frameworks";
			outputPaths = (
			);
			runOnlyForDeploymentPostprocessing = 0;
			shellPath = /bin/sh;
			shellScript = "\"${SRCROOT}/Pods/Target Support Files/Pods-Jukapp/Pods-Jukapp-frameworks.sh\"\n";
			showEnvVarsInLog = 0;
		};
/* End PBXShellScriptBuildPhase section */

/* Begin PBXSourcesBuildPhase section */
		804EB7B61B5D9B6200F5C2C9 /* Sources */ = {
			isa = PBXSourcesBuildPhase;
			buildActionMask = 2147483647;
			files = (
				8071BEFB1B74334500735C8E /* Router.swift in Sources */,
				802B197C1B72DFCE0050874E /* SlideMenuTableViewController.swift in Sources */,
				802B19801B72FC770050874E /* SearchViewController.swift in Sources */,
				80FB09491B60578200FAEC29 /* Room.swift in Sources */,
				804EB7C21B5D9B6200F5C2C9 /* ViewController.swift in Sources */,
				804EB7C01B5D9B6200F5C2C9 /* AppDelegate.swift in Sources */,
				802B197E1B72FA2F0050874E /* FavoritesViewController.swift in Sources */,
				802B19821B73059D0050874E /* RoomsViewController.swift in Sources */,
				805C12B01B65DDBA00E0827A /* SWRevealViewController.m in Sources */,
				80789D571B5DBB8F00AD9A9C /* JukappAPI.swift in Sources */,
				80789D5A1B5DC35200AD9A9C /* Video.swift in Sources */,
			);
			runOnlyForDeploymentPostprocessing = 0;
		};
		804EB7CB1B5D9B6200F5C2C9 /* Sources */ = {
			isa = PBXSourcesBuildPhase;
			buildActionMask = 2147483647;
			files = (
				804EB7D61B5D9B6200F5C2C9 /* JukappTests.swift in Sources */,
			);
			runOnlyForDeploymentPostprocessing = 0;
		};
/* End PBXSourcesBuildPhase section */

/* Begin PBXTargetDependency section */
		804EB7D11B5D9B6200F5C2C9 /* PBXTargetDependency */ = {
			isa = PBXTargetDependency;
			target = 804EB7B91B5D9B6200F5C2C9 /* Jukapp */;
			targetProxy = 804EB7D01B5D9B6200F5C2C9 /* PBXContainerItemProxy */;
		};
/* End PBXTargetDependency section */

/* Begin PBXVariantGroup section */
		804EB7C31B5D9B6200F5C2C9 /* Main.storyboard */ = {
			isa = PBXVariantGroup;
			children = (
				804EB7C41B5D9B6200F5C2C9 /* Base */,
			);
			name = Main.storyboard;
			sourceTree = "<group>";
		};
		804EB7C81B5D9B6200F5C2C9 /* LaunchScreen.xib */ = {
			isa = PBXVariantGroup;
			children = (
				804EB7C91B5D9B6200F5C2C9 /* Base */,
			);
			name = LaunchScreen.xib;
			sourceTree = "<group>";
		};
/* End PBXVariantGroup section */

/* Begin XCBuildConfiguration section */
		804EB7D71B5D9B6200F5C2C9 /* Debug */ = {
			isa = XCBuildConfiguration;
			buildSettings = {
				ALWAYS_SEARCH_USER_PATHS = NO;
				CLANG_CXX_LANGUAGE_STANDARD = "gnu++0x";
				CLANG_CXX_LIBRARY = "libc++";
				CLANG_ENABLE_MODULES = YES;
				CLANG_ENABLE_OBJC_ARC = YES;
				CLANG_WARN_BOOL_CONVERSION = YES;
				CLANG_WARN_CONSTANT_CONVERSION = YES;
				CLANG_WARN_DIRECT_OBJC_ISA_USAGE = YES_ERROR;
				CLANG_WARN_EMPTY_BODY = YES;
				CLANG_WARN_ENUM_CONVERSION = YES;
				CLANG_WARN_INT_CONVERSION = YES;
				CLANG_WARN_OBJC_ROOT_CLASS = YES_ERROR;
				CLANG_WARN_UNREACHABLE_CODE = YES;
				CLANG_WARN__DUPLICATE_METHOD_MATCH = YES;
				"CODE_SIGN_IDENTITY[sdk=iphoneos*]" = "iPhone Developer";
				COPY_PHASE_STRIP = NO;
				DEBUG_INFORMATION_FORMAT = "dwarf-with-dsym";
				ENABLE_STRICT_OBJC_MSGSEND = YES;
				GCC_C_LANGUAGE_STANDARD = gnu99;
				GCC_DYNAMIC_NO_PIC = NO;
				GCC_NO_COMMON_BLOCKS = YES;
				GCC_OPTIMIZATION_LEVEL = 0;
				GCC_PREPROCESSOR_DEFINITIONS = (
					"DEBUG=1",
					"$(inherited)",
				);
				GCC_SYMBOLS_PRIVATE_EXTERN = NO;
				GCC_WARN_64_TO_32_BIT_CONVERSION = YES;
				GCC_WARN_ABOUT_RETURN_TYPE = YES_ERROR;
				GCC_WARN_UNDECLARED_SELECTOR = YES;
				GCC_WARN_UNINITIALIZED_AUTOS = YES_AGGRESSIVE;
				GCC_WARN_UNUSED_FUNCTION = YES;
				GCC_WARN_UNUSED_VARIABLE = YES;
				IPHONEOS_DEPLOYMENT_TARGET = 8.4;
				MTL_ENABLE_DEBUG_INFO = YES;
				ONLY_ACTIVE_ARCH = YES;
				SDKROOT = iphoneos;
				SWIFT_OPTIMIZATION_LEVEL = "-Onone";
				TARGETED_DEVICE_FAMILY = "1,2";
			};
			name = Debug;
		};
		804EB7D81B5D9B6200F5C2C9 /* Release */ = {
			isa = XCBuildConfiguration;
			buildSettings = {
				ALWAYS_SEARCH_USER_PATHS = NO;
				CLANG_CXX_LANGUAGE_STANDARD = "gnu++0x";
				CLANG_CXX_LIBRARY = "libc++";
				CLANG_ENABLE_MODULES = YES;
				CLANG_ENABLE_OBJC_ARC = YES;
				CLANG_WARN_BOOL_CONVERSION = YES;
				CLANG_WARN_CONSTANT_CONVERSION = YES;
				CLANG_WARN_DIRECT_OBJC_ISA_USAGE = YES_ERROR;
				CLANG_WARN_EMPTY_BODY = YES;
				CLANG_WARN_ENUM_CONVERSION = YES;
				CLANG_WARN_INT_CONVERSION = YES;
				CLANG_WARN_OBJC_ROOT_CLASS = YES_ERROR;
				CLANG_WARN_UNREACHABLE_CODE = YES;
				CLANG_WARN__DUPLICATE_METHOD_MATCH = YES;
				"CODE_SIGN_IDENTITY[sdk=iphoneos*]" = "iPhone Developer";
				COPY_PHASE_STRIP = NO;
				DEBUG_INFORMATION_FORMAT = "dwarf-with-dsym";
				ENABLE_NS_ASSERTIONS = NO;
				ENABLE_STRICT_OBJC_MSGSEND = YES;
				GCC_C_LANGUAGE_STANDARD = gnu99;
				GCC_NO_COMMON_BLOCKS = YES;
				GCC_WARN_64_TO_32_BIT_CONVERSION = YES;
				GCC_WARN_ABOUT_RETURN_TYPE = YES_ERROR;
				GCC_WARN_UNDECLARED_SELECTOR = YES;
				GCC_WARN_UNINITIALIZED_AUTOS = YES_AGGRESSIVE;
				GCC_WARN_UNUSED_FUNCTION = YES;
				GCC_WARN_UNUSED_VARIABLE = YES;
				IPHONEOS_DEPLOYMENT_TARGET = 8.4;
				MTL_ENABLE_DEBUG_INFO = NO;
				SDKROOT = iphoneos;
				TARGETED_DEVICE_FAMILY = "1,2";
				VALIDATE_PRODUCT = YES;
			};
			name = Release;
		};
		804EB7DA1B5D9B6200F5C2C9 /* Debug */ = {
			isa = XCBuildConfiguration;
			baseConfigurationReference = 9CAE34EE98B96A93D6BD8F7A /* Pods-Jukapp.debug.xcconfig */;
			buildSettings = {
				ASSETCATALOG_COMPILER_APPICON_NAME = AppIcon;
				CLANG_ENABLE_MODULES = YES;
				INFOPLIST_FILE = Jukapp/Info.plist;
				LD_RUNPATH_SEARCH_PATHS = "$(inherited) @executable_path/Frameworks";
				PRODUCT_NAME = "$(TARGET_NAME)";
				SWIFT_OBJC_BRIDGING_HEADER = "Jukapp/Jukapp-Bridging-Header.h";
				SWIFT_OPTIMIZATION_LEVEL = "-Onone";
			};
			name = Debug;
		};
		804EB7DB1B5D9B6200F5C2C9 /* Release */ = {
			isa = XCBuildConfiguration;
			baseConfigurationReference = 8B24936F41D7F46D0BC67A13 /* Pods-Jukapp.release.xcconfig */;
			buildSettings = {
				ASSETCATALOG_COMPILER_APPICON_NAME = AppIcon;
				CLANG_ENABLE_MODULES = YES;
				INFOPLIST_FILE = Jukapp/Info.plist;
				LD_RUNPATH_SEARCH_PATHS = "$(inherited) @executable_path/Frameworks";
				PRODUCT_NAME = "$(TARGET_NAME)";
				SWIFT_OBJC_BRIDGING_HEADER = "Jukapp/Jukapp-Bridging-Header.h";
			};
			name = Release;
		};
		804EB7DD1B5D9B6200F5C2C9 /* Debug */ = {
			isa = XCBuildConfiguration;
			buildSettings = {
				BUNDLE_LOADER = "$(TEST_HOST)";
				FRAMEWORK_SEARCH_PATHS = (
					"$(SDKROOT)/Developer/Library/Frameworks",
					"$(inherited)",
				);
				GCC_PREPROCESSOR_DEFINITIONS = (
					"DEBUG=1",
					"$(inherited)",
				);
				INFOPLIST_FILE = JukappTests/Info.plist;
				LD_RUNPATH_SEARCH_PATHS = "$(inherited) @executable_path/Frameworks @loader_path/Frameworks";
				PRODUCT_NAME = "$(TARGET_NAME)";
				TEST_HOST = "$(BUILT_PRODUCTS_DIR)/Jukapp.app/Jukapp";
			};
			name = Debug;
		};
		804EB7DE1B5D9B6200F5C2C9 /* Release */ = {
			isa = XCBuildConfiguration;
			buildSettings = {
				BUNDLE_LOADER = "$(TEST_HOST)";
				FRAMEWORK_SEARCH_PATHS = (
					"$(SDKROOT)/Developer/Library/Frameworks",
					"$(inherited)",
				);
				INFOPLIST_FILE = JukappTests/Info.plist;
				LD_RUNPATH_SEARCH_PATHS = "$(inherited) @executable_path/Frameworks @loader_path/Frameworks";
				PRODUCT_NAME = "$(TARGET_NAME)";
				TEST_HOST = "$(BUILT_PRODUCTS_DIR)/Jukapp.app/Jukapp";
			};
			name = Release;
		};
/* End XCBuildConfiguration section */

/* Begin XCConfigurationList section */
		804EB7B51B5D9B6200F5C2C9 /* Build configuration list for PBXProject "Jukapp" */ = {
			isa = XCConfigurationList;
			buildConfigurations = (
				804EB7D71B5D9B6200F5C2C9 /* Debug */,
				804EB7D81B5D9B6200F5C2C9 /* Release */,
			);
			defaultConfigurationIsVisible = 0;
			defaultConfigurationName = Release;
		};
		804EB7D91B5D9B6200F5C2C9 /* Build configuration list for PBXNativeTarget "Jukapp" */ = {
			isa = XCConfigurationList;
			buildConfigurations = (
				804EB7DA1B5D9B6200F5C2C9 /* Debug */,
				804EB7DB1B5D9B6200F5C2C9 /* Release */,
			);
			defaultConfigurationIsVisible = 0;
			defaultConfigurationName = Release;
		};
		804EB7DC1B5D9B6200F5C2C9 /* Build configuration list for PBXNativeTarget "JukappTests" */ = {
			isa = XCConfigurationList;
			buildConfigurations = (
				804EB7DD1B5D9B6200F5C2C9 /* Debug */,
				804EB7DE1B5D9B6200F5C2C9 /* Release */,
			);
			defaultConfigurationIsVisible = 0;
			defaultConfigurationName = Release;
		};
/* End XCConfigurationList section */
	};
	rootObject = 804EB7B21B5D9B6200F5C2C9 /* Project object */;
}
